
Microsoft Visual Studio Solution File, Format Version 12.00
# Visual Studio Version 17
VisualStudioVersion = 17.4.33205.214
MinimumVisualStudioVersion = 10.0.40219.1
Project("{FAE04EC0-301F-11D3-BF4B-00C04F79EFBC}") = "exercicio2", "exercicio2\exercicio2.csproj", "{932BEF28-4960-45E4-BC77-B7B864E99948}"
EndProject
Global
	GlobalSection(SolutionConfigurationPlatforms) = preSolution
		Debug|Any CPU = Debug|Any CPU
		Release|Any CPU = Release|Any CPU
	EndGlobalSection
	GlobalSection(ProjectConfigurationPlatforms) = postSolution
		{932BEF28-4960-45E4-BC77-B7B864E99948}.Debug|Any CPU.ActiveCfg = Debug|Any CPU
		{932BEF28-4960-45E4-BC77-B7B864E99948}.Debug|Any CPU.Build.0 = Debug|Any CPU
		{932BEF28-4960-45E4-BC77-B7B864E99948}.Release|Any CPU.ActiveCfg = Release|Any CPU
		{932BEF28-4960-45E4-BC77-B7B864E99948}.Release|Any CPU.Build.0 = Release|Any CPU
	EndGlobalSection
	GlobalSection(SolutionProperties) = preSolution
		HideSolutionNode = FALSE
	EndGlobalSection
	GlobalSection(ExtensibilityGlobals) = postSolution
		SolutionGuid = {59E8C6DF-BCBE-4460-9BA4-2EC367D7D7CF}
	EndGlobalSection
EndGlobal
